// !$*UTF8*$!
{
	archiveVersion = 1;
	classes = {
	};
	objectVersion = 46;
	objects = {

/* Begin PBXBuildFile section */
		0358B918CA8C9D3C214FD4D41CD69A90 /* Security.framework in Frameworks */ = {isa = PBXBuildFile; fileRef = 2EDC82E26C0F346EB4C7A4C4C5A0E864 /* Security.framework */; };
		045FFEDD819A734271DD5DE53C877884 /* CoreGraphics.framework in Frameworks */ = {isa = PBXBuildFile; fileRef = F28310C109F80A2823B80B134627E5D8 /* CoreGraphics.framework */; };
		0A08FC71C4E3B8E0F8734BCDA7CCA7CB /* AFNetworking.h in Headers */ = {isa = PBXBuildFile; fileRef = 210E7327A47E9ECDD47722F226CA53A1 /* AFNetworking.h */; settings = {ATTRIBUTES = (Public, ); }; };
		14CD3DFB4A25BAEFB205730FA6750025 /* AFAutoPurgingImageCache.m in Sources */ = {isa = PBXBuildFile; fileRef = 12BCE9C803111C2F84FBD2E64260D0B8 /* AFAutoPurgingImageCache.m */; };
		15460ABD372C937E2A07A2FCDF98C473 /* UIActivityIndicatorView+AFNetworking.m in Sources */ = {isa = PBXBuildFile; fileRef = 4F4060A42AA66DB684D3C1CD14186A34 /* UIActivityIndicatorView+AFNetworking.m */; };
		17912D9A89FC36E82029409E9B74A61A /* MobileCoreServices.framework in Frameworks */ = {isa = PBXBuildFile; fileRef = 1B0A15003DCEEBA4FDF7ABE901F172CE /* MobileCoreServices.framework */; };
		19E6319F6ECED7539AABBD9A211F7AEC /* AFAutoPurgingImageCache.h in Headers */ = {isa = PBXBuildFile; fileRef = C009C2819AD041BCB389B19568176A61 /* AFAutoPurgingImageCache.h */; settings = {ATTRIBUTES = (Public, ); }; };
		23415204AA48A02959E4E5245CF96037 /* AFHTTPSessionManager.m in Sources */ = {isa = PBXBuildFile; fileRef = B65E2A6745D18DCCD426CF309DB4FA06 /* AFHTTPSessionManager.m */; };
		2359387620C5E815BF0594BC40311734 /* AFURLRequestSerialization.h in Headers */ = {isa = PBXBuildFile; fileRef = 0A9A2F132DDFD433AE392A2ECE964976 /* AFURLRequestSerialization.h */; settings = {ATTRIBUTES = (Public, ); }; };
		30DA0B928C8F28E3C3F279C3833458A0 /* Foundation.framework in Frameworks */ = {isa = PBXBuildFile; fileRef = 80FF44178312A86C7B9C1F8431F75735 /* Foundation.framework */; };
		311E5200832E4AE174A193851A2C6317 /* AFSecurityPolicy.m in Sources */ = {isa = PBXBuildFile; fileRef = 66CA4848113F045FB36D5FBA87EE93BC /* AFSecurityPolicy.m */; };
		326A543AD4E39A2DAECA1CD385E3AEA2 /* AFImageDownloader.h in Headers */ = {isa = PBXBuildFile; fileRef = 7759DDF45931B4AAE62CBDE6132614D3 /* AFImageDownloader.h */; settings = {ATTRIBUTES = (Public, ); }; };
		3511AE7ADBB71D05565854F0E70B7D08 /* AFURLSessionManager.h in Headers */ = {isa = PBXBuildFile; fileRef = DF2C2BAEBB16F9B4F8293DAFA92B0258 /* AFURLSessionManager.h */; settings = {ATTRIBUTES = (Public, ); }; };
		38EEA9ED6B922946C54AD6BAC93B73AD /* UIProgressView+AFNetworking.m in Sources */ = {isa = PBXBuildFile; fileRef = D0512E8B9C514823DCDC70FA6CB91E11 /* UIProgressView+AFNetworking.m */; };
		3939531EB270B4145C7ADFBAB2E5695F /* AFNetworkActivityIndicatorManager.h in Headers */ = {isa = PBXBuildFile; fileRef = BC09118F6A4623516279534A9673752A /* AFNetworkActivityIndicatorManager.h */; settings = {ATTRIBUTES = (Public, ); }; };
		43098B12DF5546CB576986E68DBCAFCA /* AFNetworkReachabilityManager.m in Sources */ = {isa = PBXBuildFile; fileRef = 7CCB2FB5F57488496C512ED5E569FD88 /* AFNetworkReachabilityManager.m */; };
		4BA19F7DD8F9FDA648137B2CE89E7588 /* AFNetworkActivityIndicatorManager.m in Sources */ = {isa = PBXBuildFile; fileRef = E58A73AA2C88850631BCBB09BF17404C /* AFNetworkActivityIndicatorManager.m */; };
		5D52DB6DF2E6C24CECB0015A9177A2E1 /* UIProgressView+AFNetworking.h in Headers */ = {isa = PBXBuildFile; fileRef = 6CE0E73D286EABB71D98C511BD2588D1 /* UIProgressView+AFNetworking.h */; settings = {ATTRIBUTES = (Public, ); }; };
		650FFDAF60A6C37D824BC6364B09A3E5 /* SystemConfiguration.framework in Frameworks */ = {isa = PBXBuildFile; fileRef = 343DFBED3469B92704E04E700E1DFF67 /* SystemConfiguration.framework */; };
		6BC27A0CF3DC3155202D95F05293A91F /* Foundation.framework in Frameworks */ = {isa = PBXBuildFile; fileRef = 80FF44178312A86C7B9C1F8431F75735 /* Foundation.framework */; };
		6EC97BDB3FC508526F9E388095A7DDCC /* UIImageView+AFNetworking.h in Headers */ = {isa = PBXBuildFile; fileRef = E06DE02AC035A3518C905EC003286B8D /* UIImageView+AFNetworking.h */; settings = {ATTRIBUTES = (Public, ); }; };
		78940A6980F359C4304C695EF6E67C5D /* UIButton+AFNetworking.m in Sources */ = {isa = PBXBuildFile; fileRef = CD061875CA042EAF4EA555E371A5D93D /* UIButton+AFNetworking.m */; };
		7F0578A0258E02384F6229C678E60D31 /* UIRefreshControl+AFNetworking.m in Sources */ = {isa = PBXBuildFile; fileRef = D60876638217CC2B5AEE5CA56661224A /* UIRefreshControl+AFNetworking.m */; };
		830050886B18F54E17F117FD8EFC717B /* UIActivityIndicatorView+AFNetworking.h in Headers */ = {isa = PBXBuildFile; fileRef = FC48DF74DA4CF6BD89AFEE8D18656D06 /* UIActivityIndicatorView+AFNetworking.h */; settings = {ATTRIBUTES = (Public, ); }; };
		85FAB6F1D2FE0598BF2E61D7BB084B8D /* UIKit+AFNetworking.h in Headers */ = {isa = PBXBuildFile; fileRef = 2191B835E2E078FDA1A460E3C931E0CF /* UIKit+AFNetworking.h */; settings = {ATTRIBUTES = (Public, ); }; };
		8E82178CC9BD8BE3DBF2C10E33807AEB /* AFURLRequestSerialization.m in Sources */ = {isa = PBXBuildFile; fileRef = E3483AD8F1D4813FD6A03D6B120271BF /* AFURLRequestSerialization.m */; };
		A8FC6A53F6C1CB4DEFD972664E1AF3B1 /* AFNetworking-dummy.m in Sources */ = {isa = PBXBuildFile; fileRef = 48260F8A7D13F4B1968A9D4EB8257AEB /* AFNetworking-dummy.m */; };
		ACE9C1A6E8D5121C6C5F907C7A9CFCC9 /* UIRefreshControl+AFNetworking.h in Headers */ = {isa = PBXBuildFile; fileRef = D2C83BE050F09E75505FD73128A20887 /* UIRefreshControl+AFNetworking.h */; settings = {ATTRIBUTES = (Public, ); }; };
		AD359A96DD4AA2C962E50A5CD5524F54 /* UIWebView+AFNetworking.m in Sources */ = {isa = PBXBuildFile; fileRef = F578BCFF16E3DA17D9164C2F55D0A5B2 /* UIWebView+AFNetworking.m */; };
		B0BE398350F83A7B0102C3BBAFC51428 /* UIImageView+AFNetworking.m in Sources */ = {isa = PBXBuildFile; fileRef = FF78701681DBB33938FEDC9E824207DE /* UIImageView+AFNetworking.m */; };
		B51AA1F7701DCDBCC9B88A15320F9C2C /* AFURLResponseSerialization.h in Headers */ = {isa = PBXBuildFile; fileRef = CE1934D0B0732BCD3149ADA3DBE57198 /* AFURLResponseSerialization.h */; settings = {ATTRIBUTES = (Public, ); }; };
		B5CF67F7870BAB70A76E57479B706B42 /* UIWebView+AFNetworking.h in Headers */ = {isa = PBXBuildFile; fileRef = D6F57895E44854EBDC9284D1EC5E8205 /* UIWebView+AFNetworking.h */; settings = {ATTRIBUTES = (Public, ); }; };
		BE79B53F88F35120798735D4F1EEE6D1 /* Pods-1111-dummy.m in Sources */ = {isa = PBXBuildFile; fileRef = AD8517B57BA70B06EE7B25340D2C2587 /* Pods-1111-dummy.m */; };
		C1B65C3D849FEE4FB5298A8135A765DA /* UIImage+AFNetworking.h in Headers */ = {isa = PBXBuildFile; fileRef = 00C1611144BC1DEB0479EF6FCE4618E2 /* UIImage+AFNetworking.h */; settings = {ATTRIBUTES = (Public, ); }; };
		C2201E34603B014192F0967473518496 /* AFURLResponseSerialization.m in Sources */ = {isa = PBXBuildFile; fileRef = D1461EDDEBCF25051BF2ECF630CD3831 /* AFURLResponseSerialization.m */; };
		D31FEE51AF4BE2A6CC059F80B983CD3B /* AFImageDownloader.m in Sources */ = {isa = PBXBuildFile; fileRef = 201065C05B7819197D22432A1EA08349 /* AFImageDownloader.m */; };
		DFDAC8245626953C4BCE5A2DA6BE2A5B /* AFSecurityPolicy.h in Headers */ = {isa = PBXBuildFile; fileRef = 5020751A80F4D1922B1144D5C04D369B /* AFSecurityPolicy.h */; settings = {ATTRIBUTES = (Public, ); }; };
		E212C2AA95E8F6EFB69A5F1455F291F8 /* UIButton+AFNetworking.h in Headers */ = {isa = PBXBuildFile; fileRef = DF1AA8586FAF8321898FEB03A18B2A01 /* UIButton+AFNetworking.h */; settings = {ATTRIBUTES = (Public, ); }; };
		ED69D9B5A342FE9BD3F170D5CDDEC948 /* AFNetworkReachabilityManager.h in Headers */ = {isa = PBXBuildFile; fileRef = 4760EE50D01E533579D2104B43C65E33 /* AFNetworkReachabilityManager.h */; settings = {ATTRIBUTES = (Public, ); }; };
		F3774B1449FCE5B3CA3E1B336E11D284 /* AFHTTPSessionManager.h in Headers */ = {isa = PBXBuildFile; fileRef = 62964D2B1A4925CB0C709F32C5CFC19A /* AFHTTPSessionManager.h */; settings = {ATTRIBUTES = (Public, ); }; };
		FCDDD3BC67EA205C87238A2A87D5C36C /* AFURLSessionManager.m in Sources */ = {isa = PBXBuildFile; fileRef = 673E9D136E2BF7D040FCC733B5E726D0 /* AFURLSessionManager.m */; };
/* End PBXBuildFile section */

/* Begin PBXContainerItemProxy section */
		A6F56284475C32F87E718A24B4F9F5A0 /* PBXContainerItemProxy */ = {
			isa = PBXContainerItemProxy;
			containerPortal = D41D8CD98F00B204E9800998ECF8427E /* Project object */;
			proxyType = 1;
			remoteGlobalIDString = 928353533005A4198EBDA5B700D37B64;
			remoteInfo = AFNetworking;
		};
/* End PBXContainerItemProxy section */

/* Begin PBXFileReference section */
		00C1611144BC1DEB0479EF6FCE4618E2 /* UIImage+AFNetworking.h */ = {isa = PBXFileReference; includeInIndex = 1; lastKnownFileType = sourcecode.c.h; name = "UIImage+AFNetworking.h"; path = "UIKit+AFNetworking/UIImage+AFNetworking.h"; sourceTree = "<group>"; };
		08C3CBB575C2288E3DB90BD9D5746F4F /* WBHttpRequest+WeiboUser.h */ = {isa = PBXFileReference; includeInIndex = 1; lastKnownFileType = sourcecode.c.h; name = "WBHttpRequest+WeiboUser.h"; path = "Umeng_SDK_Social_iOS_ARM64_5.2.1/UMSocial_Sdk_Extra_Frameworks/SinaSSO/WBHttpRequest+WeiboUser.h"; sourceTree = "<group>"; };
		0A85B9FA38385677001ACFB48E1005F9 /* BaiduMapAPI_Utils.framework */ = {isa = PBXFileReference; lastKnownFileType = wrapper.framework; name = BaiduMapAPI_Utils.framework; path = BaiduMapKit/BaiduMapAPI_Utils.framework; sourceTree = "<group>"; };
		0A9A2F132DDFD433AE392A2ECE964976 /* AFURLRequestSerialization.h */ = {isa = PBXFileReference; includeInIndex = 1; lastKnownFileType = sourcecode.c.h; name = AFURLRequestSerialization.h; path = AFNetworking/AFURLRequestSerialization.h; sourceTree = "<group>"; };
		0BAB6F3EE703990D5EEB0BE6F647FC5F /* BaiduMapAPI_Radar.framework */ = {isa = PBXFileReference; lastKnownFileType = wrapper.framework; name = BaiduMapAPI_Radar.framework; path = BaiduMapKit/BaiduMapAPI_Radar.framework; sourceTree = "<group>"; };
		0BF38EBEDD23AF44A9A9342C2AB22F24 /* BaiduMapAPI_Base.framework */ = {isa = PBXFileReference; lastKnownFileType = wrapper.framework; name = BaiduMapAPI_Base.framework; path = BaiduMapKit/BaiduMapAPI_Base.framework; sourceTree = "<group>"; };
		0C026F3E97379F921D907C823C050984 /* BaiduMapAPI_Cloud.framework */ = {isa = PBXFileReference; lastKnownFileType = wrapper.framework; name = BaiduMapAPI_Cloud.framework; path = BaiduMapKit/BaiduMapAPI_Cloud.framework; sourceTree = "<group>"; };
		0DB2A2266EF536CA57514BB8AD666442 /* Pods-1111.release.xcconfig */ = {isa = PBXFileReference; includeInIndex = 1; lastKnownFileType = text.xcconfig; path = "Pods-1111.release.xcconfig"; sourceTree = "<group>"; };
		12BCE9C803111C2F84FBD2E64260D0B8 /* AFAutoPurgingImageCache.m */ = {isa = PBXFileReference; includeInIndex = 1; lastKnownFileType = sourcecode.c.objc; name = AFAutoPurgingImageCache.m; path = "UIKit+AFNetworking/AFAutoPurgingImageCache.m"; sourceTree = "<group>"; };
		12D8A3D709354B445E1C0CA708533757 /* WeiboSDK.h */ = {isa = PBXFileReference; includeInIndex = 1; lastKnownFileType = sourcecode.c.h; name = WeiboSDK.h; path = Umeng_SDK_Social_iOS_ARM64_5.2.1/UMSocial_Sdk_Extra_Frameworks/SinaSSO/WeiboSDK.h; sourceTree = "<group>"; };
		1B0A15003DCEEBA4FDF7ABE901F172CE /* MobileCoreServices.framework */ = {isa = PBXFileReference; lastKnownFileType = wrapper.framework; name = MobileCoreServices.framework; path = Platforms/iPhoneOS.platform/Developer/SDKs/iPhoneOS9.3.sdk/System/Library/Frameworks/MobileCoreServices.framework; sourceTree = DEVELOPER_DIR; };
		201065C05B7819197D22432A1EA08349 /* AFImageDownloader.m */ = {isa = PBXFileReference; includeInIndex = 1; lastKnownFileType = sourcecode.c.objc; name = AFImageDownloader.m; path = "UIKit+AFNetworking/AFImageDownloader.m"; sourceTree = "<group>"; };
		20CC7909382BB38FFBE011E6DD4BEDBC /* LWApiMediaObject.h */ = {isa = PBXFileReference; includeInIndex = 1; lastKnownFileType = sourcecode.c.h; name = LWApiMediaObject.h; path = Umeng_SDK_Social_iOS_ARM64_5.2.1/UMSocial_Sdk_Extra_Frameworks/LaiWang/LWApiMediaObject.h; sourceTree = "<group>"; };
		210E7327A47E9ECDD47722F226CA53A1 /* AFNetworking.h */ = {isa = PBXFileReference; includeInIndex = 1; lastKnownFileType = sourcecode.c.h; name = AFNetworking.h; path = AFNetworking/AFNetworking.h; sourceTree = "<group>"; };
		2191B835E2E078FDA1A460E3C931E0CF /* UIKit+AFNetworking.h */ = {isa = PBXFileReference; includeInIndex = 1; lastKnownFileType = sourcecode.c.h; name = "UIKit+AFNetworking.h"; path = "UIKit+AFNetworking/UIKit+AFNetworking.h"; sourceTree = "<group>"; };
		222F3B265F5E9F2C8840B044EC6FF51E /* BaiduMapAPI_Search.framework */ = {isa = PBXFileReference; lastKnownFileType = wrapper.framework; name = BaiduMapAPI_Search.framework; path = BaiduMapKit/BaiduMapAPI_Search.framework; sourceTree = "<group>"; };
		2253253EC2AE774756DFD410A0223283 /* UMSocialData.h */ = {isa = PBXFileReference; includeInIndex = 1; lastKnownFileType = sourcecode.c.h; name = UMSocialData.h; path = Umeng_SDK_Social_iOS_ARM64_5.2.1/UMSocial_Sdk_5.2.1/Header/UMSocialData.h; sourceTree = "<group>"; };
		28DBBD05EB2B7E988F180D12FFAD7B46 /* UMSocialAccountManager.h */ = {isa = PBXFileReference; includeInIndex = 1; lastKnownFileType = sourcecode.c.h; name = UMSocialAccountManager.h; path = Umeng_SDK_Social_iOS_ARM64_5.2.1/UMSocial_Sdk_5.2.1/Header/UMSocialAccountManager.h; sourceTree = "<group>"; };
		2C6140989D6C279B9A324F3D0769C2C8 /* WBHttpRequest.h */ = {isa = PBXFileReference; includeInIndex = 1; lastKnownFileType = sourcecode.c.h; name = WBHttpRequest.h; path = Umeng_SDK_Social_iOS_ARM64_5.2.1/UMSocial_Sdk_Extra_Frameworks/SinaSSO/WBHttpRequest.h; sourceTree = "<group>"; };
		2EDC82E26C0F346EB4C7A4C4C5A0E864 /* Security.framework */ = {isa = PBXFileReference; lastKnownFileType = wrapper.framework; name = Security.framework; path = Platforms/iPhoneOS.platform/Developer/SDKs/iPhoneOS9.3.sdk/System/Library/Frameworks/Security.framework; sourceTree = DEVELOPER_DIR; };
		30CBF39EABB078A483DC743820568A1A /* LWApiMessage.h */ = {isa = PBXFileReference; includeInIndex = 1; lastKnownFileType = sourcecode.c.h; name = LWApiMessage.h; path = Umeng_SDK_Social_iOS_ARM64_5.2.1/UMSocial_Sdk_Extra_Frameworks/LaiWang/LWApiMessage.h; sourceTree = "<group>"; };
		343DFBED3469B92704E04E700E1DFF67 /* SystemConfiguration.framework */ = {isa = PBXFileReference; lastKnownFileType = wrapper.framework; name = SystemConfiguration.framework; path = Platforms/iPhoneOS.platform/Developer/SDKs/iPhoneOS9.3.sdk/System/Library/Frameworks/SystemConfiguration.framework; sourceTree = DEVELOPER_DIR; };
		35F6893A6F077C5765AB65EACEBDCD6E /* UMSnsAccountViewController.xib */ = {isa = PBXFileReference; includeInIndex = 1; lastKnownFileType = file.xib; name = UMSnsAccountViewController.xib; path = Umeng_SDK_Social_iOS_ARM64_5.2.1/UMSocial_Sdk_5.2.1/SocialSDKXib/UMSnsAccountViewController.xib; sourceTree = "<group>"; };
		397FE9733C7D7C8616ADDF9824594438 /* zh-Hans.lproj */ = {isa = PBXFileReference; includeInIndex = 1; lastKnownFileType = folder; name = "zh-Hans.lproj"; path = "Umeng_SDK_Social_iOS_ARM64_5.2.1/UMSocial_Sdk_5.2.1/zh-Hans.lproj"; sourceTree = "<group>"; };
		3ADF6A4C38FA16CC74A73701549950A2 /* UMSocialConfig.h */ = {isa = PBXFileReference; includeInIndex = 1; lastKnownFileType = sourcecode.c.h; name = UMSocialConfig.h; path = Umeng_SDK_Social_iOS_ARM64_5.2.1/UMSocial_Sdk_5.2.1/Header/UMSocialConfig.h; sourceTree = "<group>"; };
		470154552850972485736768843C1091 /* mapapi.bundle */ = {isa = PBXFileReference; includeInIndex = 1; lastKnownFileType = "wrapper.plug-in"; name = mapapi.bundle; path = BaiduMapKit/BaiduMapAPI_Map.framework/Resources/mapapi.bundle; sourceTree = "<group>"; };
		4760EE50D01E533579D2104B43C65E33 /* AFNetworkReachabilityManager.h */ = {isa = PBXFileReference; includeInIndex = 1; lastKnownFileType = sourcecode.c.h; name = AFNetworkReachabilityManager.h; path = AFNetworking/AFNetworkReachabilityManager.h; sourceTree = "<group>"; };
		48260F8A7D13F4B1968A9D4EB8257AEB /* AFNetworking-dummy.m */ = {isa = PBXFileReference; includeInIndex = 1; lastKnownFileType = sourcecode.c.objc; path = "AFNetworking-dummy.m"; sourceTree = "<group>"; };
		4B6530A64ED9CA73A2D6788BDBA95DB9 /* UMSocialTwitterHandler.h */ = {isa = PBXFileReference; includeInIndex = 1; lastKnownFileType = sourcecode.c.h; name = UMSocialTwitterHandler.h; path = Umeng_SDK_Social_iOS_ARM64_5.2.1/UMSocial_Sdk_Extra_Frameworks/Twitter/UMSocialTwitterHandler.h; sourceTree = "<group>"; };
		4B69F17ED5E14A5A99A56CEFFFF019D1 /* TencentOpenApi_IOS_Bundle.bundle */ = {isa = PBXFileReference; includeInIndex = 1; lastKnownFileType = "wrapper.plug-in"; name = TencentOpenApi_IOS_Bundle.bundle; path = Umeng_SDK_Social_iOS_ARM64_5.2.1/UMSocial_Sdk_Extra_Frameworks/TencentOpenAPI/TencentOpenApi_IOS_Bundle.bundle; sourceTree = "<group>"; };
		4C461F5CB9FBC45D93EF100FDDBC7AD6 /* BaiduMapAPI_Map.framework */ = {isa = PBXFileReference; lastKnownFileType = wrapper.framework; name = BaiduMapAPI_Map.framework; path = BaiduMapKit/BaiduMapAPI_Map.framework; sourceTree = "<group>"; };
		4C8CD47E3618816A1A54AAE8EE5085D3 /* BaiduMapAPI_Location.framework */ = {isa = PBXFileReference; lastKnownFileType = wrapper.framework; name = BaiduMapAPI_Location.framework; path = BaiduMapKit/BaiduMapAPI_Location.framework; sourceTree = "<group>"; };
		4D55DC9B8D53FE6B447912B4E139EDA0 /* UMSLoginViewController.xib */ = {isa = PBXFileReference; includeInIndex = 1; lastKnownFileType = file.xib; name = UMSLoginViewController.xib; path = Umeng_SDK_Social_iOS_ARM64_5.2.1/UMSocial_Sdk_5.2.1/SocialSDKXib/UMSLoginViewController.xib; sourceTree = "<group>"; };
		4F4060A42AA66DB684D3C1CD14186A34 /* UIActivityIndicatorView+AFNetworking.m */ = {isa = PBXFileReference; includeInIndex = 1; lastKnownFileType = sourcecode.c.objc; name = "UIActivityIndicatorView+AFNetworking.m"; path = "UIKit+AFNetworking/UIActivityIndicatorView+AFNetworking.m"; sourceTree = "<group>"; };
		5020751A80F4D1922B1144D5C04D369B /* AFSecurityPolicy.h */ = {isa = PBXFileReference; includeInIndex = 1; lastKnownFileType = sourcecode.c.h; name = AFSecurityPolicy.h; path = AFNetworking/AFSecurityPolicy.h; sourceTree = "<group>"; };
		554C8AF7A20FB54AF510D31BCED017BF /* Pods-1111.debug.xcconfig */ = {isa = PBXFileReference; includeInIndex = 1; lastKnownFileType = text.xcconfig; path = "Pods-1111.debug.xcconfig"; sourceTree = "<group>"; };
		5C6A0F4A865DD373772662DA84D6B2F9 /* WXApiObject.h */ = {isa = PBXFileReference; includeInIndex = 1; lastKnownFileType = sourcecode.c.h; name = WXApiObject.h; path = Umeng_SDK_Social_iOS_ARM64_5.2.1/UMSocial_Sdk_Extra_Frameworks/Wechat/WXApiObject.h; sourceTree = "<group>"; };
		5DB246D5F73F7BEAD702021013B7F6FA /* WBSDKCommentButton.h */ = {isa = PBXFileReference; includeInIndex = 1; lastKnownFileType = sourcecode.c.h; name = WBSDKCommentButton.h; path = Umeng_SDK_Social_iOS_ARM64_5.2.1/UMSocial_Sdk_Extra_Frameworks/SinaSSO/WBSDKCommentButton.h; sourceTree = "<group>"; };
		600E080CA723201EE6375ECA58F0DA81 /* libPods-1111.a */ = {isa = PBXFileReference; explicitFileType = archive.ar; includeInIndex = 0; path = "libPods-1111.a"; sourceTree = BUILT_PRODUCTS_DIR; };
		60BD5D9D7362AF7054C9F660BA31453D /* UMSocialLineHandler.h */ = {isa = PBXFileReference; includeInIndex = 1; lastKnownFileType = sourcecode.c.h; name = UMSocialLineHandler.h; path = Umeng_SDK_Social_iOS_ARM64_5.2.1/UMSocial_Sdk_Extra_Frameworks/Line/UMSocialLineHandler.h; sourceTree = "<group>"; };
		62964D2B1A4925CB0C709F32C5CFC19A /* AFHTTPSessionManager.h */ = {isa = PBXFileReference; includeInIndex = 1; lastKnownFileType = sourcecode.c.h; name = AFHTTPSessionManager.h; path = AFNetworking/AFHTTPSessionManager.h; sourceTree = "<group>"; };
		64C91F28E2CAA53A8FBED09E51AF2707 /* APOpenAPIObject.h */ = {isa = PBXFileReference; includeInIndex = 1; lastKnownFileType = sourcecode.c.h; name = APOpenAPIObject.h; path = Umeng_SDK_Social_iOS_ARM64_5.2.1/UMSocial_Sdk_Extra_Frameworks/AlipayShare/APOpenAPIObject.h; sourceTree = "<group>"; };
		65B77B16091EE47EC65E7BAB734CD8FB /* LWApiRequest.h */ = {isa = PBXFileReference; includeInIndex = 1; lastKnownFileType = sourcecode.c.h; name = LWApiRequest.h; path = Umeng_SDK_Social_iOS_ARM64_5.2.1/UMSocial_Sdk_Extra_Frameworks/LaiWang/LWApiRequest.h; sourceTree = "<group>"; };
		66CA4848113F045FB36D5FBA87EE93BC /* AFSecurityPolicy.m */ = {isa = PBXFileReference; includeInIndex = 1; lastKnownFileType = sourcecode.c.objc; name = AFSecurityPolicy.m; path = AFNetworking/AFSecurityPolicy.m; sourceTree = "<group>"; };
		673E9D136E2BF7D040FCC733B5E726D0 /* AFURLSessionManager.m */ = {isa = PBXFileReference; includeInIndex = 1; lastKnownFileType = sourcecode.c.objc; name = AFURLSessionManager.m; path = AFNetworking/AFURLSessionManager.m; sourceTree = "<group>"; };
		6784D4884B3FF46A3D13C06BD8D22D83 /* WBHttpRequest+WeiboToken.h */ = {isa = PBXFileReference; includeInIndex = 1; lastKnownFileType = sourcecode.c.h; name = "WBHttpRequest+WeiboToken.h"; path = "Umeng_SDK_Social_iOS_ARM64_5.2.1/UMSocial_Sdk_Extra_Frameworks/SinaSSO/WBHttpRequest+WeiboToken.h"; sourceTree = "<group>"; };
		6C511EAACCAED4739D2805BDD9DC8077 /* UMShareEditViewControlleriPad.xib */ = {isa = PBXFileReference; includeInIndex = 1; lastKnownFileType = file.xib; name = UMShareEditViewControlleriPad.xib; path = Umeng_SDK_Social_iOS_ARM64_5.2.1/UMSocial_Sdk_5.2.1/SocialSDKXib/UMShareEditViewControlleriPad.xib; sourceTree = "<group>"; };
		6CE0E73D286EABB71D98C511BD2588D1 /* UIProgressView+AFNetworking.h */ = {isa = PBXFileReference; includeInIndex = 1; lastKnownFileType = sourcecode.c.h; name = "UIProgressView+AFNetworking.h"; path = "UIKit+AFNetworking/UIProgressView+AFNetworking.h"; sourceTree = "<group>"; };
		6D7EAF17D84AD4EBEFF4479BDE7FDB68 /* UMSocial.h */ = {isa = PBXFileReference; includeInIndex = 1; lastKnownFileType = sourcecode.c.h; name = UMSocial.h; path = Umeng_SDK_Social_iOS_ARM64_5.2.1/UMSocial_Sdk_5.2.1/Header/UMSocial.h; sourceTree = "<group>"; };
		71490EDD09895DC2042833D9C1545AC8 /* LWApiUtils.h */ = {isa = PBXFileReference; includeInIndex = 1; lastKnownFileType = sourcecode.c.h; name = LWApiUtils.h; path = Umeng_SDK_Social_iOS_ARM64_5.2.1/UMSocial_Sdk_Extra_Frameworks/LaiWang/LWApiUtils.h; sourceTree = "<group>"; };
		7606683594CE68726038DB3A4112A566 /* UMSCommentDetailController.xib */ = {isa = PBXFileReference; includeInIndex = 1; lastKnownFileType = file.xib; name = UMSCommentDetailController.xib; path = Umeng_SDK_Social_iOS_ARM64_5.2.1/UMSocial_Sdk_5.2.1/SocialSDKXib/UMSCommentDetailController.xib; sourceTree = "<group>"; };
		7759DDF45931B4AAE62CBDE6132614D3 /* AFImageDownloader.h */ = {isa = PBXFileReference; includeInIndex = 1; lastKnownFileType = sourcecode.c.h; name = AFImageDownloader.h; path = "UIKit+AFNetworking/AFImageDownloader.h"; sourceTree = "<group>"; };
		7B718587913DB7E0B3F73538E6B8E1E8 /* AFNetworking.xcconfig */ = {isa = PBXFileReference; includeInIndex = 1; lastKnownFileType = text.xcconfig; path = AFNetworking.xcconfig; sourceTree = "<group>"; };
		7CCB2FB5F57488496C512ED5E569FD88 /* AFNetworkReachabilityManager.m */ = {isa = PBXFileReference; includeInIndex = 1; lastKnownFileType = sourcecode.c.objc; name = AFNetworkReachabilityManager.m; path = AFNetworking/AFNetworkReachabilityManager.m; sourceTree = "<group>"; };
		7DB27FAFCBFE14009B20EA2FB2DDD4A5 /* UMSocialDataService.h */ = {isa = PBXFileReference; includeInIndex = 1; lastKnownFileType = sourcecode.c.h; name = UMSocialDataService.h; path = Umeng_SDK_Social_iOS_ARM64_5.2.1/UMSocial_Sdk_5.2.1/Header/UMSocialDataService.h; sourceTree = "<group>"; };
		80E3540156EA7AE170AC3B023A8CD67D /* UMSocialSnsPlatformManager.h */ = {isa = PBXFileReference; includeInIndex = 1; lastKnownFileType = sourcecode.c.h; name = UMSocialSnsPlatformManager.h; path = Umeng_SDK_Social_iOS_ARM64_5.2.1/UMSocial_Sdk_5.2.1/Header/UMSocialSnsPlatformManager.h; sourceTree = "<group>"; };
		80FF44178312A86C7B9C1F8431F75735 /* Foundation.framework */ = {isa = PBXFileReference; lastKnownFileType = wrapper.framework; name = Foundation.framework; path = Platforms/iPhoneOS.platform/Developer/SDKs/iPhoneOS9.3.sdk/System/Library/Frameworks/Foundation.framework; sourceTree = DEVELOPER_DIR; };
		837AF6D9DE499451B8A9B4B01C2F7468 /* UMSocialTumblrHandler.h */ = {isa = PBXFileReference; includeInIndex = 1; lastKnownFileType = sourcecode.c.h; name = UMSocialTumblrHandler.h; path = Umeng_SDK_Social_iOS_ARM64_5.2.1/UMSocial_Sdk_Extra_Frameworks/Tumblr/UMSocialTumblrHandler.h; sourceTree = "<group>"; };
		8A16F16258FBB9CFAF7D061F6B058DAF /* LWApiResponse.h */ = {isa = PBXFileReference; includeInIndex = 1; lastKnownFileType = sourcecode.c.h; name = LWApiResponse.h; path = Umeng_SDK_Social_iOS_ARM64_5.2.1/UMSocial_Sdk_Extra_Frameworks/LaiWang/LWApiResponse.h; sourceTree = "<group>"; };
		8C5F5CE4CC1C3DB3962317E3BE64FCF6 /* UMSocialSinaSSOHandler.h */ = {isa = PBXFileReference; includeInIndex = 1; lastKnownFileType = sourcecode.c.h; name = UMSocialSinaSSOHandler.h; path = Umeng_SDK_Social_iOS_ARM64_5.2.1/UMSocial_Sdk_Extra_Frameworks/SinaSSO/UMSocialSinaSSOHandler.h; sourceTree = "<group>"; };
		90E66042C9CA600EE8D9AB7A1E0DD203 /* WXApi.h */ = {isa = PBXFileReference; includeInIndex = 1; lastKnownFileType = sourcecode.c.h; name = WXApi.h; path = Umeng_SDK_Social_iOS_ARM64_5.2.1/UMSocial_Sdk_Extra_Frameworks/Wechat/WXApi.h; sourceTree = "<group>"; };
		93A4A3777CF96A4AAC1D13BA6DCCEA73 /* Podfile */ = {isa = PBXFileReference; explicitFileType = text.script.ruby; includeInIndex = 1; name = Podfile; path = ../Podfile; sourceTree = SOURCE_ROOT; xcLanguageSpecificationIdentifier = xcode.lang.ruby; };
		955E29FC90DB0B54FB38736B944B1600 /* UMSocialBar.h */ = {isa = PBXFileReference; includeInIndex = 1; lastKnownFileType = sourcecode.c.h; name = UMSocialBar.h; path = Umeng_SDK_Social_iOS_ARM64_5.2.1/UMSocial_Sdk_5.2.1/Header/UMSocialBar.h; sourceTree = "<group>"; };
		9B67375987FAABADDD37EADC3D0EFD79 /* UMSocialSDKResourcesNew.bundle */ = {isa = PBXFileReference; includeInIndex = 1; lastKnownFileType = "wrapper.plug-in"; name = UMSocialSDKResourcesNew.bundle; path = Umeng_SDK_Social_iOS_ARM64_5.2.1/UMSocial_Sdk_5.2.1/UMSocialSDKResourcesNew.bundle; sourceTree = "<group>"; };
		9B7AA96C89F6D4A8AB97EEE43A80AC20 /* WeiboSDK.bundle */ = {isa = PBXFileReference; includeInIndex = 1; lastKnownFileType = "wrapper.plug-in"; name = WeiboSDK.bundle; path = Umeng_SDK_Social_iOS_ARM64_5.2.1/UMSocial_Sdk_Extra_Frameworks/SinaSSO/WeiboSDK.bundle; sourceTree = "<group>"; };
		9DA9F68FADA5D150D354B32694EE88FF /* WBHttpRequest+WeiboShare.h */ = {isa = PBXFileReference; includeInIndex = 1; lastKnownFileType = sourcecode.c.h; name = "WBHttpRequest+WeiboShare.h"; path = "Umeng_SDK_Social_iOS_ARM64_5.2.1/UMSocial_Sdk_Extra_Frameworks/SinaSSO/WBHttpRequest+WeiboShare.h"; sourceTree = "<group>"; };
		A59813F72382460F3BF42F480E8544BD /* Pods-1111-resources.sh */ = {isa = PBXFileReference; includeInIndex = 1; lastKnownFileType = text.script.sh; path = "Pods-1111-resources.sh"; sourceTree = "<group>"; };
		A6ABEAE53D0538B4B8B0144AA9A4C146 /* UMSocialLaiwangHandler.h */ = {isa = PBXFileReference; includeInIndex = 1; lastKnownFileType = sourcecode.c.h; name = UMSocialLaiwangHandler.h; path = Umeng_SDK_Social_iOS_ARM64_5.2.1/UMSocial_Sdk_Extra_Frameworks/LaiWang/UMSocialLaiwangHandler.h; sourceTree = "<group>"; };
		A74871D14868C6F7FDC3048B7F3CF30A /* libAFNetworking.a */ = {isa = PBXFileReference; explicitFileType = archive.ar; includeInIndex = 0; path = libAFNetworking.a; sourceTree = BUILT_PRODUCTS_DIR; };
		AB5E2C6B88D25CE95529995C58846538 /* UMSocialFacebookHandler.h */ = {isa = PBXFileReference; includeInIndex = 1; lastKnownFileType = sourcecode.c.h; name = UMSocialFacebookHandler.h; path = Umeng_SDK_Social_iOS_ARM64_5.2.1/UMSocial_Sdk_Extra_Frameworks/Facebook/UMSocialFacebookHandler.h; sourceTree = "<group>"; };
		AB7E006C613944F09AB9A215F62C6FE6 /* UMSCommentInputController.xib */ = {isa = PBXFileReference; includeInIndex = 1; lastKnownFileType = file.xib; name = UMSCommentInputController.xib; path = Umeng_SDK_Social_iOS_ARM64_5.2.1/UMSocial_Sdk_5.2.1/SocialSDKXib/UMSCommentInputController.xib; sourceTree = "<group>"; };
		AB988F3F2B478E52B8F6BCE3BFA6F703 /* LWApiConnection.h */ = {isa = PBXFileReference; includeInIndex = 1; lastKnownFileType = sourcecode.c.h; name = LWApiConnection.h; path = Umeng_SDK_Social_iOS_ARM64_5.2.1/UMSocial_Sdk_Extra_Frameworks/LaiWang/LWApiConnection.h; sourceTree = "<group>"; };
		AD8517B57BA70B06EE7B25340D2C2587 /* Pods-1111-dummy.m */ = {isa = PBXFileReference; includeInIndex = 1; lastKnownFileType = sourcecode.c.objc; path = "Pods-1111-dummy.m"; sourceTree = "<group>"; };
		AF929138015AE00976C2BF8A4BA30669 /* LWApiConfig.h */ = {isa = PBXFileReference; includeInIndex = 1; lastKnownFileType = sourcecode.c.h; name = LWApiConfig.h; path = Umeng_SDK_Social_iOS_ARM64_5.2.1/UMSocial_Sdk_Extra_Frameworks/LaiWang/LWApiConfig.h; sourceTree = "<group>"; };
		B3AF765BE5B4887FB464DEBA4344C5CC /* WechatAuthSDK.h */ = {isa = PBXFileReference; includeInIndex = 1; lastKnownFileType = sourcecode.c.h; name = WechatAuthSDK.h; path = Umeng_SDK_Social_iOS_ARM64_5.2.1/UMSocial_Sdk_Extra_Frameworks/Wechat/WechatAuthSDK.h; sourceTree = "<group>"; };
		B5784C9874BA97854506451F8A162248 /* UMSocialQQHandler.h */ = {isa = PBXFileReference; includeInIndex = 1; lastKnownFileType = sourcecode.c.h; name = UMSocialQQHandler.h; path = Umeng_SDK_Social_iOS_ARM64_5.2.1/UMSocial_Sdk_Extra_Frameworks/TencentOpenAPI/UMSocialQQHandler.h; sourceTree = "<group>"; };
		B65E2A6745D18DCCD426CF309DB4FA06 /* AFHTTPSessionManager.m */ = {isa = PBXFileReference; includeInIndex = 1; lastKnownFileType = sourcecode.c.objc; name = AFHTTPSessionManager.m; path = AFNetworking/AFHTTPSessionManager.m; sourceTree = "<group>"; };
		B7B0335BC7816A6110C07D00605CEC64 /* Pods-1111-acknowledgements.plist */ = {isa = PBXFileReference; includeInIndex = 1; lastKnownFileType = text.plist.xml; path = "Pods-1111-acknowledgements.plist"; sourceTree = "<group>"; };
		BC09118F6A4623516279534A9673752A /* AFNetworkActivityIndicatorManager.h */ = {isa = PBXFileReference; includeInIndex = 1; lastKnownFileType = sourcecode.c.h; name = AFNetworkActivityIndicatorManager.h; path = "UIKit+AFNetworking/AFNetworkActivityIndicatorManager.h"; sourceTree = "<group>"; };
		BC0CEC2AD336FAEDB8209DD34A0CBE21 /* UMSocialSnsData.h */ = {isa = PBXFileReference; includeInIndex = 1; lastKnownFileType = sourcecode.c.h; name = UMSocialSnsData.h; path = Umeng_SDK_Social_iOS_ARM64_5.2.1/UMSocial_Sdk_5.2.1/Header/UMSocialSnsData.h; sourceTree = "<group>"; };
		C009C2819AD041BCB389B19568176A61 /* AFAutoPurgingImageCache.h */ = {isa = PBXFileReference; includeInIndex = 1; lastKnownFileType = sourcecode.c.h; name = AFAutoPurgingImageCache.h; path = "UIKit+AFNetworking/AFAutoPurgingImageCache.h"; sourceTree = "<group>"; };
		C76E255DA2371183456741E88027E12B /* WBHttpRequest+WeiboGame.h */ = {isa = PBXFileReference; includeInIndex = 1; lastKnownFileType = sourcecode.c.h; name = "WBHttpRequest+WeiboGame.h"; path = "Umeng_SDK_Social_iOS_ARM64_5.2.1/UMSocial_Sdk_Extra_Frameworks/SinaSSO/WBHttpRequest+WeiboGame.h"; sourceTree = "<group>"; };
		C83442C13F31D6717076547977B62BB9 /* UMSocialSnsService.h */ = {isa = PBXFileReference; includeInIndex = 1; lastKnownFileType = sourcecode.c.h; name = UMSocialSnsService.h; path = Umeng_SDK_Social_iOS_ARM64_5.2.1/UMSocial_Sdk_5.2.1/Header/UMSocialSnsService.h; sourceTree = "<group>"; };
		CD061875CA042EAF4EA555E371A5D93D /* UIButton+AFNetworking.m */ = {isa = PBXFileReference; includeInIndex = 1; lastKnownFileType = sourcecode.c.objc; name = "UIButton+AFNetworking.m"; path = "UIKit+AFNetworking/UIButton+AFNetworking.m"; sourceTree = "<group>"; };
		CD4E1EF29797C51EC4EA9F79858E104C /* UMSShareListController.xib */ = {isa = PBXFileReference; includeInIndex = 1; lastKnownFileType = file.xib; name = UMSShareListController.xib; path = Umeng_SDK_Social_iOS_ARM64_5.2.1/UMSocial_Sdk_5.2.1/SocialSDKXib/UMSShareListController.xib; sourceTree = "<group>"; };
		CE1934D0B0732BCD3149ADA3DBE57198 /* AFURLResponseSerialization.h */ = {isa = PBXFileReference; includeInIndex = 1; lastKnownFileType = sourcecode.c.h; name = AFURLResponseSerialization.h; path = AFNetworking/AFURLResponseSerialization.h; sourceTree = "<group>"; };
		CEEFC38BEDF14D4239370161C7DAE883 /* UMSocialControllerServiceComment.h */ = {isa = PBXFileReference; includeInIndex = 1; lastKnownFileType = sourcecode.c.h; name = UMSocialControllerServiceComment.h; path = Umeng_SDK_Social_iOS_ARM64_5.2.1/UMSocial_Sdk_5.2.1/Header/UMSocialControllerServiceComment.h; sourceTree = "<group>"; };
		CF49D81C76D64B9BA0DAB7E6A0DF9B20 /* UMSCommentInputControlleriPad.xib */ = {isa = PBXFileReference; includeInIndex = 1; lastKnownFileType = file.xib; name = UMSCommentInputControlleriPad.xib; path = Umeng_SDK_Social_iOS_ARM64_5.2.1/UMSocial_Sdk_5.2.1/SocialSDKXib/UMSCommentInputControlleriPad.xib; sourceTree = "<group>"; };
		D0512E8B9C514823DCDC70FA6CB91E11 /* UIProgressView+AFNetworking.m */ = {isa = PBXFileReference; includeInIndex = 1; lastKnownFileType = sourcecode.c.objc; name = "UIProgressView+AFNetworking.m"; path = "UIKit+AFNetworking/UIProgressView+AFNetworking.m"; sourceTree = "<group>"; };
		D1461EDDEBCF25051BF2ECF630CD3831 /* AFURLResponseSerialization.m */ = {isa = PBXFileReference; includeInIndex = 1; lastKnownFileType = sourcecode.c.objc; name = AFURLResponseSerialization.m; path = AFNetworking/AFURLResponseSerialization.m; sourceTree = "<group>"; };
		D1E0089932DF05201BB4BD9AB4C60B9D /* UMSocialWhatsappHandler.h */ = {isa = PBXFileReference; includeInIndex = 1; lastKnownFileType = sourcecode.c.h; name = UMSocialWhatsappHandler.h; path = Umeng_SDK_Social_iOS_ARM64_5.2.1/UMSocial_Sdk_Extra_Frameworks/Whatsapp/UMSocialWhatsappHandler.h; sourceTree = "<group>"; };
		D2C83BE050F09E75505FD73128A20887 /* UIRefreshControl+AFNetworking.h */ = {isa = PBXFileReference; includeInIndex = 1; lastKnownFileType = sourcecode.c.h; name = "UIRefreshControl+AFNetworking.h"; path = "UIKit+AFNetworking/UIRefreshControl+AFNetworking.h"; sourceTree = "<group>"; };
		D3D3A344524C043C1431E1CCE54DFA49 /* UMSocialAlipayShareHandler.h */ = {isa = PBXFileReference; includeInIndex = 1; lastKnownFileType = sourcecode.c.h; name = UMSocialAlipayShareHandler.h; path = Umeng_SDK_Social_iOS_ARM64_5.2.1/UMSocial_Sdk_Extra_Frameworks/AlipayShare/UMSocialAlipayShareHandler.h; sourceTree = "<group>"; };
		D60876638217CC2B5AEE5CA56661224A /* UIRefreshControl+AFNetworking.m */ = {isa = PBXFileReference; includeInIndex = 1; lastKnownFileType = sourcecode.c.objc; name = "UIRefreshControl+AFNetworking.m"; path = "UIKit+AFNetworking/UIRefreshControl+AFNetworking.m"; sourceTree = "<group>"; };
		D62FFE6CD2C189E754680C3428DC7D52 /* APOpenAPI.h */ = {isa = PBXFileReference; includeInIndex = 1; lastKnownFileType = sourcecode.c.h; name = APOpenAPI.h; path = Umeng_SDK_Social_iOS_ARM64_5.2.1/UMSocial_Sdk_Extra_Frameworks/AlipayShare/APOpenAPI.h; sourceTree = "<group>"; };
		D6A0BD668C291DAD1AB3B75E7AFF4A45 /* UMSocialInstagramHandler.h */ = {isa = PBXFileReference; includeInIndex = 1; lastKnownFileType = sourcecode.c.h; name = UMSocialInstagramHandler.h; path = Umeng_SDK_Social_iOS_ARM64_5.2.1/UMSocial_Sdk_Extra_Frameworks/Instagram/UMSocialInstagramHandler.h; sourceTree = "<group>"; };
		D6F57895E44854EBDC9284D1EC5E8205 /* UIWebView+AFNetworking.h */ = {isa = PBXFileReference; includeInIndex = 1; lastKnownFileType = sourcecode.c.h; name = "UIWebView+AFNetworking.h"; path = "UIKit+AFNetworking/UIWebView+AFNetworking.h"; sourceTree = "<group>"; };
		DD52D61BDCA4913AF1969DB7488706B3 /* WeiboUser.h */ = {isa = PBXFileReference; includeInIndex = 1; lastKnownFileType = sourcecode.c.h; name = WeiboUser.h; path = Umeng_SDK_Social_iOS_ARM64_5.2.1/UMSocial_Sdk_Extra_Frameworks/SinaSSO/WeiboUser.h; sourceTree = "<group>"; };
		DEBE1A85E0271DC047E4F7DC3702B7AA /* WBSDKBasicButton.h */ = {isa = PBXFileReference; includeInIndex = 1; lastKnownFileType = sourcecode.c.h; name = WBSDKBasicButton.h; path = Umeng_SDK_Social_iOS_ARM64_5.2.1/UMSocial_Sdk_Extra_Frameworks/SinaSSO/WBSDKBasicButton.h; sourceTree = "<group>"; };
		DF15D1F9030DA1718273619FA58851A3 /* AFNetworking-prefix.pch */ = {isa = PBXFileReference; includeInIndex = 1; lastKnownFileType = sourcecode.c.h; path = "AFNetworking-prefix.pch"; sourceTree = "<group>"; };
		DF1AA8586FAF8321898FEB03A18B2A01 /* UIButton+AFNetworking.h */ = {isa = PBXFileReference; includeInIndex = 1; lastKnownFileType = sourcecode.c.h; name = "UIButton+AFNetworking.h"; path = "UIKit+AFNetworking/UIButton+AFNetworking.h"; sourceTree = "<group>"; };
		DF2C2BAEBB16F9B4F8293DAFA92B0258 /* AFURLSessionManager.h */ = {isa = PBXFileReference; includeInIndex = 1; lastKnownFileType = sourcecode.c.h; name = AFURLSessionManager.h; path = AFNetworking/AFURLSessionManager.h; sourceTree = "<group>"; };
		E04ABA4DF745483544497E2C607754EA /* UMSocialWechatHandler.h */ = {isa = PBXFileReference; includeInIndex = 1; lastKnownFileType = sourcecode.c.h; name = UMSocialWechatHandler.h; path = Umeng_SDK_Social_iOS_ARM64_5.2.1/UMSocial_Sdk_Extra_Frameworks/Wechat/UMSocialWechatHandler.h; sourceTree = "<group>"; };
		E06DE02AC035A3518C905EC003286B8D /* UIImageView+AFNetworking.h */ = {isa = PBXFileReference; includeInIndex = 1; lastKnownFileType = sourcecode.c.h; name = "UIImageView+AFNetworking.h"; path = "UIKit+AFNetworking/UIImageView+AFNetworking.h"; sourceTree = "<group>"; };
		E2F2FDDE4144B4BE6827E67E56B223DE /* UMShareEditViewController.xib */ = {isa = PBXFileReference; includeInIndex = 1; lastKnownFileType = file.xib; name = UMShareEditViewController.xib; path = Umeng_SDK_Social_iOS_ARM64_5.2.1/UMSocial_Sdk_5.2.1/SocialSDKXib/UMShareEditViewController.xib; sourceTree = "<group>"; };
		E3483AD8F1D4813FD6A03D6B120271BF /* AFURLRequestSerialization.m */ = {isa = PBXFileReference; includeInIndex = 1; lastKnownFileType = sourcecode.c.objc; name = AFURLRequestSerialization.m; path = AFNetworking/AFURLRequestSerialization.m; sourceTree = "<group>"; };
		E58A73AA2C88850631BCBB09BF17404C /* AFNetworkActivityIndicatorManager.m */ = {isa = PBXFileReference; includeInIndex = 1; lastKnownFileType = sourcecode.c.objc; name = AFNetworkActivityIndicatorManager.m; path = "UIKit+AFNetworking/AFNetworkActivityIndicatorManager.m"; sourceTree = "<group>"; };
		E5F2F1C9A28B733C8CB67344157ED994 /* UMSocialControllerService.h */ = {isa = PBXFileReference; includeInIndex = 1; lastKnownFileType = sourcecode.c.h; name = UMSocialControllerService.h; path = Umeng_SDK_Social_iOS_ARM64_5.2.1/UMSocial_Sdk_5.2.1/Header/UMSocialControllerService.h; sourceTree = "<group>"; };
		E83760BF5A345BB2BD03FBBF56857266 /* WeiboSDK+Statistics.h */ = {isa = PBXFileReference; includeInIndex = 1; lastKnownFileType = sourcecode.c.h; name = "WeiboSDK+Statistics.h"; path = "Umeng_SDK_Social_iOS_ARM64_5.2.1/UMSocial_Sdk_Extra_Frameworks/SinaSSO/WeiboSDK+Statistics.h"; sourceTree = "<group>"; };
		EE5E4EC465E4F494A19F888192E417DB /* en.lproj */ = {isa = PBXFileReference; includeInIndex = 1; lastKnownFileType = folder; name = en.lproj; path = Umeng_SDK_Social_iOS_ARM64_5.2.1/UMSocial_Sdk_5.2.1/en.lproj; sourceTree = "<group>"; };
		F1361E58D577EB90CA055331A0B8B56A /* Pods-1111-frameworks.sh */ = {isa = PBXFileReference; includeInIndex = 1; lastKnownFileType = text.script.sh; path = "Pods-1111-frameworks.sh"; sourceTree = "<group>"; };
		F28310C109F80A2823B80B134627E5D8 /* CoreGraphics.framework */ = {isa = PBXFileReference; lastKnownFileType = wrapper.framework; name = CoreGraphics.framework; path = Platforms/iPhoneOS.platform/Developer/SDKs/iPhoneOS9.3.sdk/System/Library/Frameworks/CoreGraphics.framework; sourceTree = DEVELOPER_DIR; };
		F3F5F03977A03540DB322601D3E8A6C2 /* LWApiImageObject.h */ = {isa = PBXFileReference; includeInIndex = 1; lastKnownFileType = sourcecode.c.h; name = LWApiImageObject.h; path = Umeng_SDK_Social_iOS_ARM64_5.2.1/UMSocial_Sdk_Extra_Frameworks/LaiWang/LWApiImageObject.h; sourceTree = "<group>"; };
		F578BCFF16E3DA17D9164C2F55D0A5B2 /* UIWebView+AFNetworking.m */ = {isa = PBXFileReference; includeInIndex = 1; lastKnownFileType = sourcecode.c.objc; name = "UIWebView+AFNetworking.m"; path = "UIKit+AFNetworking/UIWebView+AFNetworking.m"; sourceTree = "<group>"; };
		F6528E3D692AB4DFBECA0B87BC57DC4A /* Pods-1111-acknowledgements.markdown */ = {isa = PBXFileReference; includeInIndex = 1; lastKnownFileType = text; path = "Pods-1111-acknowledgements.markdown"; sourceTree = "<group>"; };
		F9D1C48EA8C54DA54479EB4BAB1475CD /* WBSDKRelationshipButton.h */ = {isa = PBXFileReference; includeInIndex = 1; lastKnownFileType = sourcecode.c.h; name = WBSDKRelationshipButton.h; path = Umeng_SDK_Social_iOS_ARM64_5.2.1/UMSocial_Sdk_Extra_Frameworks/SinaSSO/WBSDKRelationshipButton.h; sourceTree = "<group>"; };
		FC48DF74DA4CF6BD89AFEE8D18656D06 /* UIActivityIndicatorView+AFNetworking.h */ = {isa = PBXFileReference; includeInIndex = 1; lastKnownFileType = sourcecode.c.h; name = "UIActivityIndicatorView+AFNetworking.h"; path = "UIKit+AFNetworking/UIActivityIndicatorView+AFNetworking.h"; sourceTree = "<group>"; };
		FD5AB7DF330F577B87D2A5215AB7900E /* LWApiSDK.h */ = {isa = PBXFileReference; includeInIndex = 1; lastKnownFileType = sourcecode.c.h; name = LWApiSDK.h; path = Umeng_SDK_Social_iOS_ARM64_5.2.1/UMSocial_Sdk_Extra_Frameworks/LaiWang/LWApiSDK.h; sourceTree = "<group>"; };
		FF78701681DBB33938FEDC9E824207DE /* UIImageView+AFNetworking.m */ = {isa = PBXFileReference; includeInIndex = 1; lastKnownFileType = sourcecode.c.objc; name = "UIImageView+AFNetworking.m"; path = "UIKit+AFNetworking/UIImageView+AFNetworking.m"; sourceTree = "<group>"; };
/* End PBXFileReference section */

/* Begin PBXFrameworksBuildPhase section */
		508C962B3E08E8DA04956BF349A3CDFD /* Frameworks */ = {
			isa = PBXFrameworksBuildPhase;
			buildActionMask = 2147483647;
			files = (
				045FFEDD819A734271DD5DE53C877884 /* CoreGraphics.framework in Frameworks */,
				30DA0B928C8F28E3C3F279C3833458A0 /* Foundation.framework in Frameworks */,
				17912D9A89FC36E82029409E9B74A61A /* MobileCoreServices.framework in Frameworks */,
				0358B918CA8C9D3C214FD4D41CD69A90 /* Security.framework in Frameworks */,
				650FFDAF60A6C37D824BC6364B09A3E5 /* SystemConfiguration.framework in Frameworks */,
			);
			runOnlyForDeploymentPostprocessing = 0;
		};
		61CC0A7495C7E94E4F5A8C567149D84C /* Frameworks */ = {
			isa = PBXFrameworksBuildPhase;
			buildActionMask = 2147483647;
			files = (
				6BC27A0CF3DC3155202D95F05293A91F /* Foundation.framework in Frameworks */,
			);
			runOnlyForDeploymentPostprocessing = 0;
		};
/* End PBXFrameworksBuildPhase section */

/* Begin PBXGroup section */
		068F0D3EC57A3C60146ABD3DC586B63E /* Targets Support Files */ = {
			isa = PBXGroup;
			children = (
				DCB8144F8B2CCABB1FF15F795B825FE6 /* Pods-1111 */,
			);
			name = "Targets Support Files";
			sourceTree = "<group>";
		};
		08105EE10D8A0B11B26A5B1D2F8CF43A /* NSURLSession */ = {
			isa = PBXGroup;
			children = (
				62964D2B1A4925CB0C709F32C5CFC19A /* AFHTTPSessionManager.h */,
				B65E2A6745D18DCCD426CF309DB4FA06 /* AFHTTPSessionManager.m */,
				DF2C2BAEBB16F9B4F8293DAFA92B0258 /* AFURLSessionManager.h */,
				673E9D136E2BF7D040FCC733B5E726D0 /* AFURLSessionManager.m */,
			);
			name = NSURLSession;
			sourceTree = "<group>";
		};
		11B26A2C24A8B003A84C6CFF80581B22 /* UMengSocialCOM */ = {
			isa = PBXGroup;
			children = (
				D62FFE6CD2C189E754680C3428DC7D52 /* APOpenAPI.h */,
				64C91F28E2CAA53A8FBED09E51AF2707 /* APOpenAPIObject.h */,
				AF929138015AE00976C2BF8A4BA30669 /* LWApiConfig.h */,
				AB988F3F2B478E52B8F6BCE3BFA6F703 /* LWApiConnection.h */,
				F3F5F03977A03540DB322601D3E8A6C2 /* LWApiImageObject.h */,
				20CC7909382BB38FFBE011E6DD4BEDBC /* LWApiMediaObject.h */,
				30CBF39EABB078A483DC743820568A1A /* LWApiMessage.h */,
				65B77B16091EE47EC65E7BAB734CD8FB /* LWApiRequest.h */,
				8A16F16258FBB9CFAF7D061F6B058DAF /* LWApiResponse.h */,
				FD5AB7DF330F577B87D2A5215AB7900E /* LWApiSDK.h */,
				71490EDD09895DC2042833D9C1545AC8 /* LWApiUtils.h */,
				6D7EAF17D84AD4EBEFF4479BDE7FDB68 /* UMSocial.h */,
				28DBBD05EB2B7E988F180D12FFAD7B46 /* UMSocialAccountManager.h */,
				D3D3A344524C043C1431E1CCE54DFA49 /* UMSocialAlipayShareHandler.h */,
				955E29FC90DB0B54FB38736B944B1600 /* UMSocialBar.h */,
				3ADF6A4C38FA16CC74A73701549950A2 /* UMSocialConfig.h */,
				E5F2F1C9A28B733C8CB67344157ED994 /* UMSocialControllerService.h */,
				CEEFC38BEDF14D4239370161C7DAE883 /* UMSocialControllerServiceComment.h */,
				2253253EC2AE774756DFD410A0223283 /* UMSocialData.h */,
				7DB27FAFCBFE14009B20EA2FB2DDD4A5 /* UMSocialDataService.h */,
				AB5E2C6B88D25CE95529995C58846538 /* UMSocialFacebookHandler.h */,
				D6A0BD668C291DAD1AB3B75E7AFF4A45 /* UMSocialInstagramHandler.h */,
				A6ABEAE53D0538B4B8B0144AA9A4C146 /* UMSocialLaiwangHandler.h */,
				60BD5D9D7362AF7054C9F660BA31453D /* UMSocialLineHandler.h */,
				B5784C9874BA97854506451F8A162248 /* UMSocialQQHandler.h */,
				8C5F5CE4CC1C3DB3962317E3BE64FCF6 /* UMSocialSinaSSOHandler.h */,
				BC0CEC2AD336FAEDB8209DD34A0CBE21 /* UMSocialSnsData.h */,
				80E3540156EA7AE170AC3B023A8CD67D /* UMSocialSnsPlatformManager.h */,
				C83442C13F31D6717076547977B62BB9 /* UMSocialSnsService.h */,
				837AF6D9DE499451B8A9B4B01C2F7468 /* UMSocialTumblrHandler.h */,
				4B6530A64ED9CA73A2D6788BDBA95DB9 /* UMSocialTwitterHandler.h */,
				E04ABA4DF745483544497E2C607754EA /* UMSocialWechatHandler.h */,
				D1E0089932DF05201BB4BD9AB4C60B9D /* UMSocialWhatsappHandler.h */,
				2C6140989D6C279B9A324F3D0769C2C8 /* WBHttpRequest.h */,
				C76E255DA2371183456741E88027E12B /* WBHttpRequest+WeiboGame.h */,
				9DA9F68FADA5D150D354B32694EE88FF /* WBHttpRequest+WeiboShare.h */,
				6784D4884B3FF46A3D13C06BD8D22D83 /* WBHttpRequest+WeiboToken.h */,
				08C3CBB575C2288E3DB90BD9D5746F4F /* WBHttpRequest+WeiboUser.h */,
				DEBE1A85E0271DC047E4F7DC3702B7AA /* WBSDKBasicButton.h */,
				5DB246D5F73F7BEAD702021013B7F6FA /* WBSDKCommentButton.h */,
				F9D1C48EA8C54DA54479EB4BAB1475CD /* WBSDKRelationshipButton.h */,
				B3AF765BE5B4887FB464DEBA4344C5CC /* WechatAuthSDK.h */,
				12D8A3D709354B445E1C0CA708533757 /* WeiboSDK.h */,
				E83760BF5A345BB2BD03FBBF56857266 /* WeiboSDK+Statistics.h */,
				DD52D61BDCA4913AF1969DB7488706B3 /* WeiboUser.h */,
				90E66042C9CA600EE8D9AB7A1E0DD203 /* WXApi.h */,
				5C6A0F4A865DD373772662DA84D6B2F9 /* WXApiObject.h */,
				1651329FD10D1081035BF5784446A29E /* Resources */,
			);
			path = UMengSocialCOM;
			sourceTree = "<group>";
		};
		1651329FD10D1081035BF5784446A29E /* Resources */ = {
			isa = PBXGroup;
			children = (
				EE5E4EC465E4F494A19F888192E417DB /* en.lproj */,
				4B69F17ED5E14A5A99A56CEFFFF019D1 /* TencentOpenApi_IOS_Bundle.bundle */,
				7606683594CE68726038DB3A4112A566 /* UMSCommentDetailController.xib */,
				AB7E006C613944F09AB9A215F62C6FE6 /* UMSCommentInputController.xib */,
				CF49D81C76D64B9BA0DAB7E6A0DF9B20 /* UMSCommentInputControlleriPad.xib */,
				E2F2FDDE4144B4BE6827E67E56B223DE /* UMShareEditViewController.xib */,
				6C511EAACCAED4739D2805BDD9DC8077 /* UMShareEditViewControlleriPad.xib */,
				4D55DC9B8D53FE6B447912B4E139EDA0 /* UMSLoginViewController.xib */,
				35F6893A6F077C5765AB65EACEBDCD6E /* UMSnsAccountViewController.xib */,
				9B67375987FAABADDD37EADC3D0EFD79 /* UMSocialSDKResourcesNew.bundle */,
				CD4E1EF29797C51EC4EA9F79858E104C /* UMSShareListController.xib */,
				9B7AA96C89F6D4A8AB97EEE43A80AC20 /* WeiboSDK.bundle */,
				397FE9733C7D7C8616ADDF9824594438 /* zh-Hans.lproj */,
			);
			name = Resources;
			sourceTree = "<group>";
		};
		20B56609144CE204DFA8221F742B2D76 /* Frameworks */ = {
			isa = PBXGroup;
			children = (
				3193CAF693F496CF6BBAA7E0BCD76004 /* iOS */,
			);
			name = Frameworks;
			sourceTree = "<group>";
		};
		2C2142983AB5FD24B878535A75C65DE4 /* Resources */ = {
			isa = PBXGroup;
			children = (
				470154552850972485736768843C1091 /* mapapi.bundle */,
			);
			name = Resources;
			sourceTree = "<group>";
		};
		3193CAF693F496CF6BBAA7E0BCD76004 /* iOS */ = {
			isa = PBXGroup;
			children = (
				F28310C109F80A2823B80B134627E5D8 /* CoreGraphics.framework */,
				80FF44178312A86C7B9C1F8431F75735 /* Foundation.framework */,
				1B0A15003DCEEBA4FDF7ABE901F172CE /* MobileCoreServices.framework */,
				2EDC82E26C0F346EB4C7A4C4C5A0E864 /* Security.framework */,
				343DFBED3469B92704E04E700E1DFF67 /* SystemConfiguration.framework */,
			);
			name = iOS;
			sourceTree = "<group>";
		};
		31EF425CC71F44CE9CBC668EC70A247A /* BaiduMapKit */ = {
			isa = PBXGroup;
			children = (
				99B21B5933926CD75BC99BCF32A07F1E /* Frameworks */,
				2C2142983AB5FD24B878535A75C65DE4 /* Resources */,
			);
			path = BaiduMapKit;
			sourceTree = "<group>";
		};
		42F1283E5BDEF1AF15051FC22C5A233E /* Security */ = {
			isa = PBXGroup;
			children = (
				5020751A80F4D1922B1144D5C04D369B /* AFSecurityPolicy.h */,
				66CA4848113F045FB36D5FBA87EE93BC /* AFSecurityPolicy.m */,
			);
			name = Security;
			sourceTree = "<group>";
		};
		549E6397C601341646C42150754F7A2F /* Serialization */ = {
			isa = PBXGroup;
			children = (
				0A9A2F132DDFD433AE392A2ECE964976 /* AFURLRequestSerialization.h */,
				E3483AD8F1D4813FD6A03D6B120271BF /* AFURLRequestSerialization.m */,
				CE1934D0B0732BCD3149ADA3DBE57198 /* AFURLResponseSerialization.h */,
				D1461EDDEBCF25051BF2ECF630CD3831 /* AFURLResponseSerialization.m */,
			);
			name = Serialization;
			sourceTree = "<group>";
		};
		76E1BFC13BD94A7B3C69D746C828E895 /* Support Files */ = {
			isa = PBXGroup;
			children = (
				7B718587913DB7E0B3F73538E6B8E1E8 /* AFNetworking.xcconfig */,
				48260F8A7D13F4B1968A9D4EB8257AEB /* AFNetworking-dummy.m */,
				DF15D1F9030DA1718273619FA58851A3 /* AFNetworking-prefix.pch */,
			);
			name = "Support Files";
			path = "../Target Support Files/AFNetworking";
			sourceTree = "<group>";
		};
		7DB346D0F39D3F0E887471402A8071AB = {
			isa = PBXGroup;
			children = (
				93A4A3777CF96A4AAC1D13BA6DCCEA73 /* Podfile */,
				20B56609144CE204DFA8221F742B2D76 /* Frameworks */,
				CFFC77CC1767A7AC88CDD9517E586F6C /* Pods */,
				E786353BE4D1167EDF1A3EF977FDED46 /* Products */,
				068F0D3EC57A3C60146ABD3DC586B63E /* Targets Support Files */,
			);
			sourceTree = "<group>";
		};
		99B21B5933926CD75BC99BCF32A07F1E /* Frameworks */ = {
			isa = PBXGroup;
			children = (
				0BF38EBEDD23AF44A9A9342C2AB22F24 /* BaiduMapAPI_Base.framework */,
				0C026F3E97379F921D907C823C050984 /* BaiduMapAPI_Cloud.framework */,
				4C8CD47E3618816A1A54AAE8EE5085D3 /* BaiduMapAPI_Location.framework */,
				4C461F5CB9FBC45D93EF100FDDBC7AD6 /* BaiduMapAPI_Map.framework */,
				0BAB6F3EE703990D5EEB0BE6F647FC5F /* BaiduMapAPI_Radar.framework */,
				222F3B265F5E9F2C8840B044EC6FF51E /* BaiduMapAPI_Search.framework */,
				0A85B9FA38385677001ACFB48E1005F9 /* BaiduMapAPI_Utils.framework */,
			);
			name = Frameworks;
			sourceTree = "<group>";
		};
		9C9700B2943C8E67ECB878D4732F3973 /* Reachability */ = {
			isa = PBXGroup;
			children = (
				4760EE50D01E533579D2104B43C65E33 /* AFNetworkReachabilityManager.h */,
				7CCB2FB5F57488496C512ED5E569FD88 /* AFNetworkReachabilityManager.m */,
			);
			name = Reachability;
			sourceTree = "<group>";
		};
		CFFC77CC1767A7AC88CDD9517E586F6C /* Pods */ = {
			isa = PBXGroup;
			children = (
				D5553547D82D349A30FA254E27F2ADF7 /* AFNetworking */,
				31EF425CC71F44CE9CBC668EC70A247A /* BaiduMapKit */,
				11B26A2C24A8B003A84C6CFF80581B22 /* UMengSocialCOM */,
			);
			name = Pods;
			sourceTree = "<group>";
		};
		D5553547D82D349A30FA254E27F2ADF7 /* AFNetworking */ = {
			isa = PBXGroup;
			children = (
				210E7327A47E9ECDD47722F226CA53A1 /* AFNetworking.h */,
				08105EE10D8A0B11B26A5B1D2F8CF43A /* NSURLSession */,
				9C9700B2943C8E67ECB878D4732F3973 /* Reachability */,
				42F1283E5BDEF1AF15051FC22C5A233E /* Security */,
				549E6397C601341646C42150754F7A2F /* Serialization */,
				76E1BFC13BD94A7B3C69D746C828E895 /* Support Files */,
				FA630F9C166F4BA4B31ACDAC714F3222 /* UIKit */,
			);
			path = AFNetworking;
			sourceTree = "<group>";
		};
		DCB8144F8B2CCABB1FF15F795B825FE6 /* Pods-1111 */ = {
			isa = PBXGroup;
			children = (
				F6528E3D692AB4DFBECA0B87BC57DC4A /* Pods-1111-acknowledgements.markdown */,
				B7B0335BC7816A6110C07D00605CEC64 /* Pods-1111-acknowledgements.plist */,
				AD8517B57BA70B06EE7B25340D2C2587 /* Pods-1111-dummy.m */,
				F1361E58D577EB90CA055331A0B8B56A /* Pods-1111-frameworks.sh */,
				A59813F72382460F3BF42F480E8544BD /* Pods-1111-resources.sh */,
				554C8AF7A20FB54AF510D31BCED017BF /* Pods-1111.debug.xcconfig */,
				0DB2A2266EF536CA57514BB8AD666442 /* Pods-1111.release.xcconfig */,
			);
			name = "Pods-1111";
			path = "Target Support Files/Pods-1111";
			sourceTree = "<group>";
		};
		E786353BE4D1167EDF1A3EF977FDED46 /* Products */ = {
			isa = PBXGroup;
			children = (
				A74871D14868C6F7FDC3048B7F3CF30A /* libAFNetworking.a */,
				600E080CA723201EE6375ECA58F0DA81 /* libPods-1111.a */,
			);
			name = Products;
			sourceTree = "<group>";
		};
		FA630F9C166F4BA4B31ACDAC714F3222 /* UIKit */ = {
			isa = PBXGroup;
			children = (
				C009C2819AD041BCB389B19568176A61 /* AFAutoPurgingImageCache.h */,
				12BCE9C803111C2F84FBD2E64260D0B8 /* AFAutoPurgingImageCache.m */,
				7759DDF45931B4AAE62CBDE6132614D3 /* AFImageDownloader.h */,
				201065C05B7819197D22432A1EA08349 /* AFImageDownloader.m */,
				BC09118F6A4623516279534A9673752A /* AFNetworkActivityIndicatorManager.h */,
				E58A73AA2C88850631BCBB09BF17404C /* AFNetworkActivityIndicatorManager.m */,
				FC48DF74DA4CF6BD89AFEE8D18656D06 /* UIActivityIndicatorView+AFNetworking.h */,
				4F4060A42AA66DB684D3C1CD14186A34 /* UIActivityIndicatorView+AFNetworking.m */,
				DF1AA8586FAF8321898FEB03A18B2A01 /* UIButton+AFNetworking.h */,
				CD061875CA042EAF4EA555E371A5D93D /* UIButton+AFNetworking.m */,
				00C1611144BC1DEB0479EF6FCE4618E2 /* UIImage+AFNetworking.h */,
				E06DE02AC035A3518C905EC003286B8D /* UIImageView+AFNetworking.h */,
				FF78701681DBB33938FEDC9E824207DE /* UIImageView+AFNetworking.m */,
				2191B835E2E078FDA1A460E3C931E0CF /* UIKit+AFNetworking.h */,
				6CE0E73D286EABB71D98C511BD2588D1 /* UIProgressView+AFNetworking.h */,
				D0512E8B9C514823DCDC70FA6CB91E11 /* UIProgressView+AFNetworking.m */,
				D2C83BE050F09E75505FD73128A20887 /* UIRefreshControl+AFNetworking.h */,
				D60876638217CC2B5AEE5CA56661224A /* UIRefreshControl+AFNetworking.m */,
				D6F57895E44854EBDC9284D1EC5E8205 /* UIWebView+AFNetworking.h */,
				F578BCFF16E3DA17D9164C2F55D0A5B2 /* UIWebView+AFNetworking.m */,
			);
			name = UIKit;
			sourceTree = "<group>";
		};
/* End PBXGroup section */

/* Begin PBXHeadersBuildPhase section */
		B981229135DBE9773A86BDB116C368D1 /* Headers */ = {
			isa = PBXHeadersBuildPhase;
			buildActionMask = 2147483647;
			files = (
				19E6319F6ECED7539AABBD9A211F7AEC /* AFAutoPurgingImageCache.h in Headers */,
				F3774B1449FCE5B3CA3E1B336E11D284 /* AFHTTPSessionManager.h in Headers */,
				326A543AD4E39A2DAECA1CD385E3AEA2 /* AFImageDownloader.h in Headers */,
				3939531EB270B4145C7ADFBAB2E5695F /* AFNetworkActivityIndicatorManager.h in Headers */,
				0A08FC71C4E3B8E0F8734BCDA7CCA7CB /* AFNetworking.h in Headers */,
				ED69D9B5A342FE9BD3F170D5CDDEC948 /* AFNetworkReachabilityManager.h in Headers */,
				DFDAC8245626953C4BCE5A2DA6BE2A5B /* AFSecurityPolicy.h in Headers */,
				2359387620C5E815BF0594BC40311734 /* AFURLRequestSerialization.h in Headers */,
				B51AA1F7701DCDBCC9B88A15320F9C2C /* AFURLResponseSerialization.h in Headers */,
				3511AE7ADBB71D05565854F0E70B7D08 /* AFURLSessionManager.h in Headers */,
				830050886B18F54E17F117FD8EFC717B /* UIActivityIndicatorView+AFNetworking.h in Headers */,
				E212C2AA95E8F6EFB69A5F1455F291F8 /* UIButton+AFNetworking.h in Headers */,
				C1B65C3D849FEE4FB5298A8135A765DA /* UIImage+AFNetworking.h in Headers */,
				6EC97BDB3FC508526F9E388095A7DDCC /* UIImageView+AFNetworking.h in Headers */,
				85FAB6F1D2FE0598BF2E61D7BB084B8D /* UIKit+AFNetworking.h in Headers */,
				5D52DB6DF2E6C24CECB0015A9177A2E1 /* UIProgressView+AFNetworking.h in Headers */,
				ACE9C1A6E8D5121C6C5F907C7A9CFCC9 /* UIRefreshControl+AFNetworking.h in Headers */,
				B5CF67F7870BAB70A76E57479B706B42 /* UIWebView+AFNetworking.h in Headers */,
			);
			runOnlyForDeploymentPostprocessing = 0;
		};
/* End PBXHeadersBuildPhase section */

/* Begin PBXNativeTarget section */
		928353533005A4198EBDA5B700D37B64 /* AFNetworking */ = {
			isa = PBXNativeTarget;
			buildConfigurationList = 77CF2A7107BC61A2E90025871305961D /* Build configuration list for PBXNativeTarget "AFNetworking" */;
			buildPhases = (
				DE0BAD758C6F291CE7E10DA077987C62 /* Sources */,
				508C962B3E08E8DA04956BF349A3CDFD /* Frameworks */,
				B981229135DBE9773A86BDB116C368D1 /* Headers */,
			);
			buildRules = (
			);
			dependencies = (
			);
			name = AFNetworking;
			productName = AFNetworking;
			productReference = A74871D14868C6F7FDC3048B7F3CF30A /* libAFNetworking.a */;
			productType = "com.apple.product-type.library.static";
		};
		9A14C00956CDFB2D43108251E72A6B1C /* Pods-1111 */ = {
			isa = PBXNativeTarget;
			buildConfigurationList = 1B956101D05DD138349A41250D105B0F /* Build configuration list for PBXNativeTarget "Pods-1111" */;
			buildPhases = (
				8885147DBA9E02BEC8C885DC68EDB520 /* Sources */,
				61CC0A7495C7E94E4F5A8C567149D84C /* Frameworks */,
			);
			buildRules = (
			);
			dependencies = (
				245DA4D990D7C9B886E56D340506F5D0 /* PBXTargetDependency */,
			);
			name = "Pods-1111";
			productName = "Pods-1111";
			productReference = 600E080CA723201EE6375ECA58F0DA81 /* libPods-1111.a */;
			productType = "com.apple.product-type.library.static";
		};
/* End PBXNativeTarget section */

/* Begin PBXProject section */
		D41D8CD98F00B204E9800998ECF8427E /* Project object */ = {
			isa = PBXProject;
			attributes = {
				LastSwiftUpdateCheck = 0730;
				LastUpgradeCheck = 0700;
			};
			buildConfigurationList = 2D8E8EC45A3A1A1D94AE762CB5028504 /* Build configuration list for PBXProject "Pods" */;
			compatibilityVersion = "Xcode 3.2";
			developmentRegion = English;
			hasScannedForEncodings = 0;
			knownRegions = (
				en,
			);
			mainGroup = 7DB346D0F39D3F0E887471402A8071AB;
			productRefGroup = E786353BE4D1167EDF1A3EF977FDED46 /* Products */;
			projectDirPath = "";
			projectRoot = "";
			targets = (
				928353533005A4198EBDA5B700D37B64 /* AFNetworking */,
				9A14C00956CDFB2D43108251E72A6B1C /* Pods-1111 */,
			);
		};
/* End PBXProject section */

/* Begin PBXSourcesBuildPhase section */
		8885147DBA9E02BEC8C885DC68EDB520 /* Sources */ = {
			isa = PBXSourcesBuildPhase;
			buildActionMask = 2147483647;
			files = (
				BE79B53F88F35120798735D4F1EEE6D1 /* Pods-1111-dummy.m in Sources */,
			);
			runOnlyForDeploymentPostprocessing = 0;
		};
		DE0BAD758C6F291CE7E10DA077987C62 /* Sources */ = {
			isa = PBXSourcesBuildPhase;
			buildActionMask = 2147483647;
			files = (
				14CD3DFB4A25BAEFB205730FA6750025 /* AFAutoPurgingImageCache.m in Sources */,
				23415204AA48A02959E4E5245CF96037 /* AFHTTPSessionManager.m in Sources */,
				D31FEE51AF4BE2A6CC059F80B983CD3B /* AFImageDownloader.m in Sources */,
				4BA19F7DD8F9FDA648137B2CE89E7588 /* AFNetworkActivityIndicatorManager.m in Sources */,
				A8FC6A53F6C1CB4DEFD972664E1AF3B1 /* AFNetworking-dummy.m in Sources */,
				43098B12DF5546CB576986E68DBCAFCA /* AFNetworkReachabilityManager.m in Sources */,
				311E5200832E4AE174A193851A2C6317 /* AFSecurityPolicy.m in Sources */,
				8E82178CC9BD8BE3DBF2C10E33807AEB /* AFURLRequestSerialization.m in Sources */,
				C2201E34603B014192F0967473518496 /* AFURLResponseSerialization.m in Sources */,
				FCDDD3BC67EA205C87238A2A87D5C36C /* AFURLSessionManager.m in Sources */,
				15460ABD372C937E2A07A2FCDF98C473 /* UIActivityIndicatorView+AFNetworking.m in Sources */,
				78940A6980F359C4304C695EF6E67C5D /* UIButton+AFNetworking.m in Sources */,
				B0BE398350F83A7B0102C3BBAFC51428 /* UIImageView+AFNetworking.m in Sources */,
				38EEA9ED6B922946C54AD6BAC93B73AD /* UIProgressView+AFNetworking.m in Sources */,
				7F0578A0258E02384F6229C678E60D31 /* UIRefreshControl+AFNetworking.m in Sources */,
				AD359A96DD4AA2C962E50A5CD5524F54 /* UIWebView+AFNetworking.m in Sources */,
			);
			runOnlyForDeploymentPostprocessing = 0;
		};
/* End PBXSourcesBuildPhase section */

/* Begin PBXTargetDependency section */
		245DA4D990D7C9B886E56D340506F5D0 /* PBXTargetDependency */ = {
			isa = PBXTargetDependency;
			name = AFNetworking;
			target = 928353533005A4198EBDA5B700D37B64 /* AFNetworking */;
			targetProxy = A6F56284475C32F87E718A24B4F9F5A0 /* PBXContainerItemProxy */;
		};
/* End PBXTargetDependency section */

/* Begin XCBuildConfiguration section */
		3C51C0C1DF1AF101E0EF749B8E660489 /* Release */ = {
			isa = XCBuildConfiguration;
			baseConfigurationReference = 7B718587913DB7E0B3F73538E6B8E1E8 /* AFNetworking.xcconfig */;
			buildSettings = {
				"CODE_SIGN_IDENTITY[sdk=iphoneos*]" = "iPhone Developer";
				DEBUG_INFORMATION_FORMAT = "dwarf-with-dsym";
				ENABLE_STRICT_OBJC_MSGSEND = YES;
				GCC_NO_COMMON_BLOCKS = YES;
				GCC_PREFIX_HEADER = "Target Support Files/AFNetworking/AFNetworking-prefix.pch";
				IPHONEOS_DEPLOYMENT_TARGET = 7.0;
				MTL_ENABLE_DEBUG_INFO = NO;
				OTHER_LDFLAGS = "";
				OTHER_LIBTOOLFLAGS = "";
				PRIVATE_HEADERS_FOLDER_PATH = "";
				PRODUCT_NAME = "$(TARGET_NAME)";
				PUBLIC_HEADERS_FOLDER_PATH = "";
				SDKROOT = iphoneos;
				SKIP_INSTALL = YES;
			};
			name = Release;
		};
		47BEF9D903506B003EA5C2B249729489 /* Debug */ = {
			isa = XCBuildConfiguration;
			buildSettings = {
				ALWAYS_SEARCH_USER_PATHS = NO;
				CLANG_ANALYZER_NONNULL = YES;
				CLANG_CXX_LANGUAGE_STANDARD = "gnu++0x";
				CLANG_CXX_LIBRARY = "libc++";
				CLANG_ENABLE_MODULES = YES;
				CLANG_ENABLE_OBJC_ARC = YES;
				CLANG_WARN_BOOL_CONVERSION = YES;
				CLANG_WARN_CONSTANT_CONVERSION = YES;
				CLANG_WARN_DIRECT_OBJC_ISA_USAGE = YES;
				CLANG_WARN_EMPTY_BODY = YES;
				CLANG_WARN_ENUM_CONVERSION = YES;
				CLANG_WARN_INT_CONVERSION = YES;
				CLANG_WARN_OBJC_ROOT_CLASS = YES;
				CLANG_WARN_UNREACHABLE_CODE = YES;
				CLANG_WARN__DUPLICATE_METHOD_MATCH = YES;
				COPY_PHASE_STRIP = NO;
				ENABLE_TESTABILITY = YES;
				GCC_C_LANGUAGE_STANDARD = gnu99;
				GCC_DYNAMIC_NO_PIC = NO;
				GCC_OPTIMIZATION_LEVEL = 0;
				GCC_PREPROCESSOR_DEFINITIONS = (
					"POD_CONFIGURATION_DEBUG=1",
					"DEBUG=1",
					"$(inherited)",
				);
				GCC_SYMBOLS_PRIVATE_EXTERN = NO;
				GCC_WARN_64_TO_32_BIT_CONVERSION = YES;
				GCC_WARN_ABOUT_RETURN_TYPE = YES;
				GCC_WARN_UNDECLARED_SELECTOR = YES;
				GCC_WARN_UNINITIALIZED_AUTOS = YES;
				GCC_WARN_UNUSED_FUNCTION = YES;
				GCC_WARN_UNUSED_VARIABLE = YES;
				IPHONEOS_DEPLOYMENT_TARGET = 8.0;
				ONLY_ACTIVE_ARCH = YES;
				STRIP_INSTALLED_PRODUCT = NO;
				SYMROOT = "${SRCROOT}/../build";
			};
			name = Debug;
		};
		AAF678CED40D3499169D10F63CA0719E /* Release */ = {
			isa = XCBuildConfiguration;
			buildSettings = {
				ALWAYS_SEARCH_USER_PATHS = NO;
				CLANG_ANALYZER_NONNULL = YES;
				CLANG_CXX_LANGUAGE_STANDARD = "gnu++0x";
				CLANG_CXX_LIBRARY = "libc++";
				CLANG_ENABLE_MODULES = YES;
				CLANG_ENABLE_OBJC_ARC = YES;
				CLANG_WARN_BOOL_CONVERSION = YES;
				CLANG_WARN_CONSTANT_CONVERSION = YES;
				CLANG_WARN_DIRECT_OBJC_ISA_USAGE = YES;
				CLANG_WARN_EMPTY_BODY = YES;
				CLANG_WARN_ENUM_CONVERSION = YES;
				CLANG_WARN_INT_CONVERSION = YES;
				CLANG_WARN_OBJC_ROOT_CLASS = YES;
				CLANG_WARN_UNREACHABLE_CODE = YES;
				CLANG_WARN__DUPLICATE_METHOD_MATCH = YES;
				COPY_PHASE_STRIP = YES;
				ENABLE_NS_ASSERTIONS = NO;
				GCC_C_LANGUAGE_STANDARD = gnu99;
				GCC_PREPROCESSOR_DEFINITIONS = (
					"POD_CONFIGURATION_RELEASE=1",
					"$(inherited)",
				);
				GCC_WARN_64_TO_32_BIT_CONVERSION = YES;
				GCC_WARN_ABOUT_RETURN_TYPE = YES;
				GCC_WARN_UNDECLARED_SELECTOR = YES;
				GCC_WARN_UNINITIALIZED_AUTOS = YES;
				GCC_WARN_UNUSED_FUNCTION = YES;
				GCC_WARN_UNUSED_VARIABLE = YES;
				IPHONEOS_DEPLOYMENT_TARGET = 8.0;
				STRIP_INSTALLED_PRODUCT = NO;
				SYMROOT = "${SRCROOT}/../build";
				VALIDATE_PRODUCT = YES;
			};
			name = Release;
		};
		D9C97EB576CE94D4E00FD675005D2868 /* Debug */ = {
			isa = XCBuildConfiguration;
			baseConfigurationReference = 7B718587913DB7E0B3F73538E6B8E1E8 /* AFNetworking.xcconfig */;
			buildSettings = {
				"CODE_SIGN_IDENTITY[sdk=iphoneos*]" = "iPhone Developer";
				DEBUG_INFORMATION_FORMAT = dwarf;
				ENABLE_STRICT_OBJC_MSGSEND = YES;
				GCC_NO_COMMON_BLOCKS = YES;
				GCC_PREFIX_HEADER = "Target Support Files/AFNetworking/AFNetworking-prefix.pch";
				IPHONEOS_DEPLOYMENT_TARGET = 7.0;
				MTL_ENABLE_DEBUG_INFO = YES;
				OTHER_LDFLAGS = "";
				OTHER_LIBTOOLFLAGS = "";
				PRIVATE_HEADERS_FOLDER_PATH = "";
				PRODUCT_NAME = "$(TARGET_NAME)";
				PUBLIC_HEADERS_FOLDER_PATH = "";
				SDKROOT = iphoneos;
				SKIP_INSTALL = YES;
			};
			name = Debug;
		};
		E9421E9D24AF8CFA05969AFF2944B686 /* Debug */ = {
			isa = XCBuildConfiguration;
			baseConfigurationReference = 554C8AF7A20FB54AF510D31BCED017BF /* Pods-1111.debug.xcconfig */;
			buildSettings = {
				"CODE_SIGN_IDENTITY[sdk=iphoneos*]" = "iPhone Developer";
				DEBUG_INFORMATION_FORMAT = dwarf;
				ENABLE_STRICT_OBJC_MSGSEND = YES;
				GCC_NO_COMMON_BLOCKS = YES;
				IPHONEOS_DEPLOYMENT_TARGET = 8.0;
				MACH_O_TYPE = staticlib;
				MTL_ENABLE_DEBUG_INFO = YES;
				OTHER_LDFLAGS = "";
				OTHER_LIBTOOLFLAGS = "";
				PODS_ROOT = "$(SRCROOT)";
				PRODUCT_BUNDLE_IDENTIFIER = "org.cocoapods.${PRODUCT_NAME:rfc1034identifier}";
				PRODUCT_NAME = "$(TARGET_NAME)";
				SDKROOT = iphoneos;
				SKIP_INSTALL = YES;
			};
			name = Debug;
		};
		FBBB6C9280E4B15D0D2BAFF3564D3EBE /* Release */ = {
			isa = XCBuildConfiguration;
			baseConfigurationReference = 0DB2A2266EF536CA57514BB8AD666442 /* Pods-1111.release.xcconfig */;
			buildSettings = {
				"CODE_SIGN_IDENTITY[sdk=iphoneos*]" = "iPhone Developer";
				DEBUG_INFORMATION_FORMAT = "dwarf-with-dsym";
				ENABLE_STRICT_OBJC_MSGSEND = YES;
				GCC_NO_COMMON_BLOCKS = YES;
				IPHONEOS_DEPLOYMENT_TARGET = 8.0;
				MACH_O_TYPE = staticlib;
				MTL_ENABLE_DEBUG_INFO = NO;
				OTHER_LDFLAGS = "";
				OTHER_LIBTOOLFLAGS = "";
				PODS_ROOT = "$(SRCROOT)";
				PRODUCT_BUNDLE_IDENTIFIER = "org.cocoapods.${PRODUCT_NAME:rfc1034identifier}";
				PRODUCT_NAME = "$(TARGET_NAME)";
				SDKROOT = iphoneos;
				SKIP_INSTALL = YES;
			};
			name = Release;
		};
/* End XCBuildConfiguration section */

/* Begin XCConfigurationList section */
		1B956101D05DD138349A41250D105B0F /* Build configuration list for PBXNativeTarget "Pods-1111" */ = {
			isa = XCConfigurationList;
			buildConfigurations = (
				E9421E9D24AF8CFA05969AFF2944B686 /* Debug */,
				FBBB6C9280E4B15D0D2BAFF3564D3EBE /* Release */,
			);
			defaultConfigurationIsVisible = 0;
			defaultConfigurationName = Release;
		};
		2D8E8EC45A3A1A1D94AE762CB5028504 /* Build configuration list for PBXProject "Pods" */ = {
			isa = XCConfigurationList;
			buildConfigurations = (
				47BEF9D903506B003EA5C2B249729489 /* Debug */,
				AAF678CED40D3499169D10F63CA0719E /* Release */,
			);
			defaultConfigurationIsVisible = 0;
			defaultConfigurationName = Release;
		};
		77CF2A7107BC61A2E90025871305961D /* Build configuration list for PBXNativeTarget "AFNetworking" */ = {
			isa = XCConfigurationList;
			buildConfigurations = (
				D9C97EB576CE94D4E00FD675005D2868 /* Debug */,
				3C51C0C1DF1AF101E0EF749B8E660489 /* Release */,
			);
			defaultConfigurationIsVisible = 0;
			defaultConfigurationName = Release;
		};
/* End XCConfigurationList section */
	};
	rootObject = D41D8CD98F00B204E9800998ECF8427E /* Project object */;
}
